
Microsoft Visual Studio Solution File, Format Version 12.00
# Visual Studio 15
VisualStudioVersion = 15.0.28307.1082
MinimumVisualStudioVersion = 10.0.40219.1
Project("{8BC9CEB8-8B4A-11D0-8D11-00A0C91BC942}") = "Priority", "Priority.vcxproj", "{E79A912B-E13F-48E6-BB73-B7F4E88127AB}"
EndProject
Global
	GlobalSection(SolutionConfigurationPlatforms) = preSolution
		Debug|x64 = Debug|x64
		Debug|x86 = Debug|x86
		Release|x64 = Release|x64
		Release|x86 = Release|x86
	EndGlobalSection
	GlobalSection(ProjectConfigurationPlatforms) = postSolution
		{E79A912B-E13F-48E6-BB73-B7F4E88127AB}.Debug|x64.ActiveCfg = Debug|x64
		{E79A912B-E13F-48E6-BB73-B7F4E88127AB}.Debug|x64.Build.0 = Debug|x64
		{E79A912B-E13F-48E6-BB73-B7F4E88127AB}.Debug|x86.ActiveCfg = Debug|Win32
		{E79A912B-E13F-48E6-BB73-B7F4E88127AB}.Debug|x86.Build.0 = Debug|Win32
		{E79A912B-E13F-48E6-BB73-B7F4E88127AB}.Release|x64.ActiveCfg = Release|x64
		{E79A912B-E13F-48E6-BB73-B7F4E88127AB}.Release|x64.Build.0 = Release|x64
		{E79A912B-E13F-48E6-BB73-B7F4E88127AB}.Release|x86.ActiveCfg = Release|Win32
		{E79A912B-E13F-48E6-BB73-B7F4E88127AB}.Release|x86.Build.0 = Release|Win32
	EndGlobalSection
	GlobalSection(SolutionProperties) = preSolution
		HideSolutionNode = FALSE
	EndGlobalSection
	GlobalSection(ExtensibilityGlobals) = postSolution
		SolutionGuid = {79F7E874-2214-4375-9097-CAF1006C5313}
	EndGlobalSection
EndGlobal
